// !$*UTF8*$!
{
	archiveVersion = 1;
	classes = {
	};
	objectVersion = 46;
	objects = {

/* Begin PBXBuildFile section */
		A7978BCD1B82575900E33C3D /* AppDelegate.swift in Sources */ = {isa = PBXBuildFile; fileRef = A7978BCC1B82575900E33C3D /* AppDelegate.swift */; };
		A7978BD01B82575900E33C3D /* MainChallengeMaps.xcdatamodeld in Sources */ = {isa = PBXBuildFile; fileRef = A7978BCE1B82575900E33C3D /* MainChallengeMaps.xcdatamodeld */; };
		A7978BD21B82575900E33C3D /* ViewController.swift in Sources */ = {isa = PBXBuildFile; fileRef = A7978BD11B82575900E33C3D /* ViewController.swift */; };
		A7978BD51B82575900E33C3D /* Main.storyboard in Resources */ = {isa = PBXBuildFile; fileRef = A7978BD31B82575900E33C3D /* Main.storyboard */; };
		A7978BD71B82575900E33C3D /* Images.xcassets in Resources */ = {isa = PBXBuildFile; fileRef = A7978BD61B82575900E33C3D /* Images.xcassets */; };
		A7978BDA1B82575900E33C3D /* LaunchScreen.xib in Resources */ = {isa = PBXBuildFile; fileRef = A7978BD81B82575900E33C3D /* LaunchScreen.xib */; };
		A7978BE61B82575900E33C3D /* MainChallengeMapsTests.swift in Sources */ = {isa = PBXBuildFile; fileRef = A7978BE51B82575900E33C3D /* MainChallengeMapsTests.swift */; };
		A7978BF21B8258FD00E33C3D /* MapViewController.swift in Sources */ = {isa = PBXBuildFile; fileRef = A7978BF11B8258FD00E33C3D /* MapViewController.swift */; };
		A7978BF41B825A9600E33C3D /* DataManager.swift in Sources */ = {isa = PBXBuildFile; fileRef = A7978BF31B825A9600E33C3D /* DataManager.swift */; };
		A7978BF61B82629200E33C3D /* LoginViewController.swift in Sources */ = {isa = PBXBuildFile; fileRef = A7978BF51B82629200E33C3D /* LoginViewController.swift */; };
		A7ACEE581B83B90A0032AFE6 /* Annotation.swift in Sources */ = {isa = PBXBuildFile; fileRef = A7ACEE571B83B90A0032AFE6 /* Annotation.swift */; };
		A7ACEE5C1B83BBAD0032AFE6 /* ovalVerde.png in Resources */ = {isa = PBXBuildFile; fileRef = A7ACEE5B1B83BBAD0032AFE6 /* ovalVerde.png */; };
		A7ACEE5E1B83C1580032AFE6 /* ovalRosa.png in Resources */ = {isa = PBXBuildFile; fileRef = A7ACEE5D1B83C1580032AFE6 /* ovalRosa.png */; };
		A7ACEE611B83C15F0032AFE6 /* ovalLaranja.png in Resources */ = {isa = PBXBuildFile; fileRef = A7ACEE5F1B83C15F0032AFE6 /* ovalLaranja.png */; };
		A7ACEE621B83C15F0032AFE6 /* ovalVermelho.png in Resources */ = {isa = PBXBuildFile; fileRef = A7ACEE601B83C15F0032AFE6 /* ovalVermelho.png */; };
/* End PBXBuildFile section */

/* Begin PBXContainerItemProxy section */
		A7978BE01B82575900E33C3D /* PBXContainerItemProxy */ = {
			isa = PBXContainerItemProxy;
			containerPortal = A7978BBF1B82575900E33C3D /* Project object */;
			proxyType = 1;
			remoteGlobalIDString = A7978BC61B82575900E33C3D;
			remoteInfo = MainChallengeMaps;
		};
/* End PBXContainerItemProxy section */

/* Begin PBXFileReference section */
		A7978BC71B82575900E33C3D /* MainChallengeMaps.app */ = {isa = PBXFileReference; explicitFileType = wrapper.application; includeInIndex = 0; path = MainChallengeMaps.app; sourceTree = BUILT_PRODUCTS_DIR; };
		A7978BCB1B82575900E33C3D /* Info.plist */ = {isa = PBXFileReference; lastKnownFileType = text.plist.xml; path = Info.plist; sourceTree = "<group>"; };
		A7978BCC1B82575900E33C3D /* AppDelegate.swift */ = {isa = PBXFileReference; lastKnownFileType = sourcecode.swift; path = AppDelegate.swift; sourceTree = "<group>"; };
		A7978BCF1B82575900E33C3D /* MainChallengeMaps.xcdatamodel */ = {isa = PBXFileReference; lastKnownFileType = wrapper.xcdatamodel; path = MainChallengeMaps.xcdatamodel; sourceTree = "<group>"; };
		A7978BD11B82575900E33C3D /* ViewController.swift */ = {isa = PBXFileReference; lastKnownFileType = sourcecode.swift; path = ViewController.swift; sourceTree = "<group>"; };
		A7978BD41B82575900E33C3D /* Base */ = {isa = PBXFileReference; lastKnownFileType = file.storyboard; name = Base; path = Base.lproj/Main.storyboard; sourceTree = "<group>"; };
		A7978BD61B82575900E33C3D /* Images.xcassets */ = {isa = PBXFileReference; lastKnownFileType = folder.assetcatalog; path = Images.xcassets; sourceTree = "<group>"; };
		A7978BD91B82575900E33C3D /* Base */ = {isa = PBXFileReference; lastKnownFileType = file.xib; name = Base; path = Base.lproj/LaunchScreen.xib; sourceTree = "<group>"; };
		A7978BDF1B82575900E33C3D /* MainChallengeMapsTests.xctest */ = {isa = PBXFileReference; explicitFileType = wrapper.cfbundle; includeInIndex = 0; path = MainChallengeMapsTests.xctest; sourceTree = BUILT_PRODUCTS_DIR; };
		A7978BE41B82575900E33C3D /* Info.plist */ = {isa = PBXFileReference; lastKnownFileType = text.plist.xml; path = Info.plist; sourceTree = "<group>"; };
		A7978BE51B82575900E33C3D /* MainChallengeMapsTests.swift */ = {isa = PBXFileReference; lastKnownFileType = sourcecode.swift; path = MainChallengeMapsTests.swift; sourceTree = "<group>"; };
		A7978BF11B8258FD00E33C3D /* MapViewController.swift */ = {isa = PBXFileReference; fileEncoding = 4; lastKnownFileType = sourcecode.swift; name = MapViewController.swift; path = ../MapViewController.swift; sourceTree = "<group>"; };
		A7978BF31B825A9600E33C3D /* DataManager.swift */ = {isa = PBXFileReference; fileEncoding = 4; lastKnownFileType = sourcecode.swift; path = DataManager.swift; sourceTree = "<group>"; };
		A7978BF51B82629200E33C3D /* LoginViewController.swift */ = {isa = PBXFileReference; fileEncoding = 4; lastKnownFileType = sourcecode.swift; path = LoginViewController.swift; sourceTree = "<group>"; };
		A7ACEE571B83B90A0032AFE6 /* Annotation.swift */ = {isa = PBXFileReference; fileEncoding = 4; lastKnownFileType = sourcecode.swift; path = Annotation.swift; sourceTree = "<group>"; };
		A7ACEE5B1B83BBAD0032AFE6 /* ovalVerde.png */ = {isa = PBXFileReference; lastKnownFileType = image.png; path = ovalVerde.png; sourceTree = "<group>"; };
		A7ACEE5D1B83C1580032AFE6 /* ovalRosa.png */ = {isa = PBXFileReference; lastKnownFileType = image.png; path = ovalRosa.png; sourceTree = "<group>"; };
		A7ACEE5F1B83C15F0032AFE6 /* ovalLaranja.png */ = {isa = PBXFileReference; lastKnownFileType = image.png; path = ovalLaranja.png; sourceTree = "<group>"; };
		A7ACEE601B83C15F0032AFE6 /* ovalVermelho.png */ = {isa = PBXFileReference; lastKnownFileType = image.png; path = ovalVermelho.png; sourceTree = "<group>"; };
/* End PBXFileReference section */

/* Begin PBXFrameworksBuildPhase section */
		A7978BC41B82575900E33C3D /* Frameworks */ = {
			isa = PBXFrameworksBuildPhase;
			buildActionMask = 2147483647;
			files = (
			);
			runOnlyForDeploymentPostprocessing = 0;
		};
		A7978BDC1B82575900E33C3D /* Frameworks */ = {
			isa = PBXFrameworksBuildPhase;
			buildActionMask = 2147483647;
			files = (
			);
			runOnlyForDeploymentPostprocessing = 0;
		};
/* End PBXFrameworksBuildPhase section */

/* Begin PBXGroup section */
		A7978BBE1B82575900E33C3D = {
			isa = PBXGroup;
			children = (
				A7978BC91B82575900E33C3D /* MainChallengeMaps */,
				A7978BE21B82575900E33C3D /* MainChallengeMapsTests */,
				A7978BC81B82575900E33C3D /* Products */,
			);
			sourceTree = "<group>";
		};
		A7978BC81B82575900E33C3D /* Products */ = {
			isa = PBXGroup;
			children = (
				A7978BC71B82575900E33C3D /* MainChallengeMaps.app */,
				A7978BDF1B82575900E33C3D /* MainChallengeMapsTests.xctest */,
			);
			name = Products;
			sourceTree = "<group>";
		};
		A7978BC91B82575900E33C3D /* MainChallengeMaps */ = {
			isa = PBXGroup;
			children = (
				A7ACEE5B1B83BBAD0032AFE6 /* ovalVerde.png */,
				A7ACEE5D1B83C1580032AFE6 /* ovalRosa.png */,
				A7ACEE5F1B83C15F0032AFE6 /* ovalLaranja.png */,
				A7ACEE601B83C15F0032AFE6 /* ovalVermelho.png */,
				A7978BF51B82629200E33C3D /* LoginViewController.swift */,
				A7978BF31B825A9600E33C3D /* DataManager.swift */,
				A7978BF11B8258FD00E33C3D /* MapViewController.swift */,
				A7978BCC1B82575900E33C3D /* AppDelegate.swift */,
				A7978BD11B82575900E33C3D /* ViewController.swift */,
				A7ACEE571B83B90A0032AFE6 /* Annotation.swift */,
				A7978BD31B82575900E33C3D /* Main.storyboard */,
				A7978BD61B82575900E33C3D /* Images.xcassets */,
				A7978BD81B82575900E33C3D /* LaunchScreen.xib */,
				A7978BCE1B82575900E33C3D /* MainChallengeMaps.xcdatamodeld */,
				A7978BCA1B82575900E33C3D /* Supporting Files */,
			);
			path = MainChallengeMaps;
			sourceTree = "<group>";
		};
		A7978BCA1B82575900E33C3D /* Supporting Files */ = {
			isa = PBXGroup;
			children = (
				A7978BCB1B82575900E33C3D /* Info.plist */,
			);
			name = "Supporting Files";
			sourceTree = "<group>";
		};
		A7978BE21B82575900E33C3D /* MainChallengeMapsTests */ = {
			isa = PBXGroup;
			children = (
				A7978BE51B82575900E33C3D /* MainChallengeMapsTests.swift */,
				A7978BE31B82575900E33C3D /* Supporting Files */,
			);
			path = MainChallengeMapsTests;
			sourceTree = "<group>";
		};
		A7978BE31B82575900E33C3D /* Supporting Files */ = {
			isa = PBXGroup;
			children = (
				A7978BE41B82575900E33C3D /* Info.plist */,
			);
			name = "Supporting Files";
			sourceTree = "<group>";
		};
/* End PBXGroup section */

/* Begin PBXNativeTarget section */
		A7978BC61B82575900E33C3D /* MainChallengeMaps */ = {
			isa = PBXNativeTarget;
			buildConfigurationList = A7978BE91B82575900E33C3D /* Build configuration list for PBXNativeTarget "MainChallengeMaps" */;
			buildPhases = (
				A7978BC31B82575900E33C3D /* Sources */,
				A7978BC41B82575900E33C3D /* Frameworks */,
				A7978BC51B82575900E33C3D /* Resources */,
			);
			buildRules = (
			);
			dependencies = (
			);
			name = MainChallengeMaps;
			productName = MainChallengeMaps;
			productReference = A7978BC71B82575900E33C3D /* MainChallengeMaps.app */;
			productType = "com.apple.product-type.application";
		};
		A7978BDE1B82575900E33C3D /* MainChallengeMapsTests */ = {
			isa = PBXNativeTarget;
			buildConfigurationList = A7978BEC1B82575900E33C3D /* Build configuration list for PBXNativeTarget "MainChallengeMapsTests" */;
			buildPhases = (
				A7978BDB1B82575900E33C3D /* Sources */,
				A7978BDC1B82575900E33C3D /* Frameworks */,
				A7978BDD1B82575900E33C3D /* Resources */,
			);
			buildRules = (
			);
			dependencies = (
				A7978BE11B82575900E33C3D /* PBXTargetDependency */,
			);
			name = MainChallengeMapsTests;
			productName = MainChallengeMapsTests;
			productReference = A7978BDF1B82575900E33C3D /* MainChallengeMapsTests.xctest */;
			productType = "com.apple.product-type.bundle.unit-test";
		};
/* End PBXNativeTarget section */

/* Begin PBXProject section */
		A7978BBF1B82575900E33C3D /* Project object */ = {
			isa = PBXProject;
			attributes = {
				LastUpgradeCheck = 0640;
				ORGANIZATIONNAME = "Leonardo Koppe Malanski";
				TargetAttributes = {
					A7978BC61B82575900E33C3D = {
						CreatedOnToolsVersion = 6.4;
						DevelopmentTeam = H7C2V5GHBN;
					};
					A7978BDE1B82575900E33C3D = {
						CreatedOnToolsVersion = 6.4;
						TestTargetID = A7978BC61B82575900E33C3D;
					};
				};
			};
			buildConfigurationList = A7978BC21B82575900E33C3D /* Build configuration list for PBXProject "MainChallengeMaps" */;
			compatibilityVersion = "Xcode 3.2";
			developmentRegion = English;
			hasScannedForEncodings = 0;
			knownRegions = (
				en,
				Base,
			);
			mainGroup = A7978BBE1B82575900E33C3D;
			productRefGroup = A7978BC81B82575900E33C3D /* Products */;
			projectDirPath = "";
			projectRoot = "";
			targets = (
				A7978BC61B82575900E33C3D /* MainChallengeMaps */,
				A7978BDE1B82575900E33C3D /* MainChallengeMapsTests */,
			);
		};
/* End PBXProject section */

/* Begin PBXResourcesBuildPhase section */
		A7978BC51B82575900E33C3D /* Resources */ = {
			isa = PBXResourcesBuildPhase;
			buildActionMask = 2147483647;
			files = (
				A7ACEE621B83C15F0032AFE6 /* ovalVermelho.png in Resources */,
				A7ACEE5C1B83BBAD0032AFE6 /* ovalVerde.png in Resources */,
				A7ACEE5E1B83C1580032AFE6 /* ovalRosa.png in Resources */,
				A7978BD51B82575900E33C3D /* Main.storyboard in Resources */,
				A7978BDA1B82575900E33C3D /* LaunchScreen.xib in Resources */,
				A7978BD71B82575900E33C3D /* Images.xcassets in Resources */,
				A7ACEE611B83C15F0032AFE6 /* ovalLaranja.png in Resources */,
			);
			runOnlyForDeploymentPostprocessing = 0;
		};
		A7978BDD1B82575900E33C3D /* Resources */ = {
			isa = PBXResourcesBuildPhase;
			buildActionMask = 2147483647;
			files = (
			);
			runOnlyForDeploymentPostprocessing = 0;
		};
/* End PBXResourcesBuildPhase section */

/* Begin PBXSourcesBuildPhase section */
		A7978BC31B82575900E33C3D /* Sources */ = {
			isa = PBXSourcesBuildPhase;
			buildActionMask = 2147483647;
			files = (
				A7ACEE581B83B90A0032AFE6 /* Annotation.swift in Sources */,
				A7978BF61B82629200E33C3D /* LoginViewController.swift in Sources */,
				A7978BF41B825A9600E33C3D /* DataManager.swift in Sources */,
				A7978BD21B82575900E33C3D /* ViewController.swift in Sources */,
				A7978BCD1B82575900E33C3D /* AppDelegate.swift in Sources */,
				A7978BF21B8258FD00E33C3D /* MapViewController.swift in Sources */,
				A7978BD01B82575900E33C3D /* MainChallengeMaps.xcdatamodeld in Sources */,
			);
			runOnlyForDeploymentPostprocessing = 0;
		};
		A7978BDB1B82575900E33C3D /* Sources */ = {
			isa = PBXSourcesBuildPhase;
			buildActionMask = 2147483647;
			files = (
				A7978BE61B82575900E33C3D /* MainChallengeMapsTests.swift in Sources */,
			);
			runOnlyForDeploymentPostprocessing = 0;
		};
/* End PBXSourcesBuildPhase section */

/* Begin PBXTargetDependency section */
		A7978BE11B82575900E33C3D /* PBXTargetDependency */ = {
			isa = PBXTargetDependency;
			target = A7978BC61B82575900E33C3D /* MainChallengeMaps */;
			targetProxy = A7978BE01B82575900E33C3D /* PBXContainerItemProxy */;
		};
/* End PBXTargetDependency section */

/* Begin PBXVariantGroup section */
		A7978BD31B82575900E33C3D /* Main.storyboard */ = {
			isa = PBXVariantGroup;
			children = (
				A7978BD41B82575900E33C3D /* Base */,
			);
			name = Main.storyboard;
			sourceTree = "<group>";
		};
		A7978BD81B82575900E33C3D /* LaunchScreen.xib */ = {
			isa = PBXVariantGroup;
			children = (
				A7978BD91B82575900E33C3D /* Base */,
			);
			name = LaunchScreen.xib;
			sourceTree = "<group>";
		};
/* End PBXVariantGroup section */

/* Begin XCBuildConfiguration section */
		A7978BE71B82575900E33C3D /* Debug */ = {
			isa = XCBuildConfiguration;
			buildSettings = {
				ALWAYS_SEARCH_USER_PATHS = NO;
				CLANG_CXX_LANGUAGE_STANDARD = "gnu++0x";
				CLANG_CXX_LIBRARY = "libc++";
				CLANG_ENABLE_MODULES = YES;
				CLANG_ENABLE_OBJC_ARC = YES;
				CLANG_WARN_BOOL_CONVERSION = YES;
				CLANG_WARN_CONSTANT_CONVERSION = YES;
				CLANG_WARN_DIRECT_OBJC_ISA_USAGE = YES_ERROR;
				CLANG_WARN_EMPTY_BODY = YES;
				CLANG_WARN_ENUM_CONVERSION = YES;
				CLANG_WARN_INT_CONVERSION = YES;
				CLANG_WARN_OBJC_ROOT_CLASS = YES_ERROR;
				CLANG_WARN_UNREACHABLE_CODE = YES;
				CLANG_WARN__DUPLICATE_METHOD_MATCH = YES;
				"CODE_SIGN_IDENTITY[sdk=iphoneos*]" = "iPhone Developer";
				COPY_PHASE_STRIP = NO;
				DEBUG_INFORMATION_FORMAT = "dwarf-with-dsym";
				ENABLE_STRICT_OBJC_MSGSEND = YES;
				GCC_C_LANGUAGE_STANDARD = gnu99;
				GCC_DYNAMIC_NO_PIC = NO;
				GCC_NO_COMMON_BLOCKS = YES;
				GCC_OPTIMIZATION_LEVEL = 0;
				GCC_PREPROCESSOR_DEFINITIONS = (
					"DEBUG=1",
					"$(inherited)",
				);
				GCC_SYMBOLS_PRIVATE_EXTERN = NO;
				GCC_WARN_64_TO_32_BIT_CONVERSION = YES;
				GCC_WARN_ABOUT_RETURN_TYPE = YES_ERROR;
				GCC_WARN_UNDECLARED_SELECTOR = YES;
				GCC_WARN_UNINITIALIZED_AUTOS = YES_AGGRESSIVE;
				GCC_WARN_UNUSED_FUNCTION = YES;
				GCC_WARN_UNUSED_VARIABLE = YES;
				IPHONEOS_DEPLOYMENT_TARGET = 8.4;
				MTL_ENABLE_DEBUG_INFO = YES;
				ONLY_ACTIVE_ARCH = YES;
				SDKROOT = iphoneos;
				SWIFT_OPTIMIZATION_LEVEL = "-Onone";
				TARGETED_DEVICE_FAMILY = "1,2";
			};
			name = Debug;
		};
		A7978BE81B82575900E33C3D /* Release */ = {
			isa = XCBuildConfiguration;
			buildSettings = {
				ALWAYS_SEARCH_USER_PATHS = NO;
				CLANG_CXX_LANGUAGE_STANDARD = "gnu++0x";
				CLANG_CXX_LIBRARY = "libc++";
				CLANG_ENABLE_MODULES = YES;
				CLANG_ENABLE_OBJC_ARC = YES;
				CLANG_WARN_BOOL_CONVERSION = YES;
				CLANG_WARN_CONSTANT_CONVERSION = YES;
				CLANG_WARN_DIRECT_OBJC_ISA_USAGE = YES_ERROR;
				CLANG_WARN_EMPTY_BODY = YES;
				CLANG_WARN_ENUM_CONVERSION = YES;
				CLANG_WARN_INT_CONVERSION = YES;
				CLANG_WARN_OBJC_ROOT_CLASS = YES_ERROR;
				CLANG_WARN_UNREACHABLE_CODE = YES;
				CLANG_WARN__DUPLICATE_METHOD_MATCH = YES;
				"CODE_SIGN_IDENTITY[sdk=iphoneos*]" = "iPhone Developer";
				COPY_PHASE_STRIP = NO;
				DEBUG_INFORMATION_FORMAT = "dwarf-with-dsym";
				ENABLE_NS_ASSERTIONS = NO;
				ENABLE_STRICT_OBJC_MSGSEND = YES;
				GCC_C_LANGUAGE_STANDARD = gnu99;
				GCC_NO_COMMON_BLOCKS = YES;
				GCC_WARN_64_TO_32_BIT_CONVERSION = YES;
				GCC_WARN_ABOUT_RETURN_TYPE = YES_ERROR;
				GCC_WARN_UNDECLARED_SELECTOR = YES;
				GCC_WARN_UNINITIALIZED_AUTOS = YES_AGGRESSIVE;
				GCC_WARN_UNUSED_FUNCTION = YES;
				GCC_WARN_UNUSED_VARIABLE = YES;
				IPHONEOS_DEPLOYMENT_TARGET = 8.4;
				MTL_ENABLE_DEBUG_INFO = NO;
				SDKROOT = iphoneos;
				TARGETED_DEVICE_FAMILY = "1,2";
				VALIDATE_PRODUCT = YES;
			};
			name = Release;
		};
		A7978BEA1B82575900E33C3D /* Debug */ = {
			isa = XCBuildConfiguration;
			buildSettings = {
				ASSETCATALOG_COMPILER_APPICON_NAME = AppIcon;
				CODE_SIGN_IDENTITY = "iPhone Developer";
				"CODE_SIGN_IDENTITY[sdk=iphoneos*]" = "iPhone Developer";
				INFOPLIST_FILE = MainChallengeMaps/Info.plist;
				LD_RUNPATH_SEARCH_PATHS = "$(inherited) @executable_path/Frameworks";
				PRODUCT_NAME = "$(TARGET_NAME)";
				PROVISIONING_PROFILE = "";
			};
			name = Debug;
		};
		A7978BEB1B82575900E33C3D /* Release */ = {
			isa = XCBuildConfiguration;
			buildSettings = {
				ASSETCATALOG_COMPILER_APPICON_NAME = AppIcon;
				CODE_SIGN_IDENTITY = "iPhone Developer";
				"CODE_SIGN_IDENTITY[sdk=iphoneos*]" = "iPhone Developer";
				INFOPLIST_FILE = MainChallengeMaps/Info.plist;
				LD_RUNPATH_SEARCH_PATHS = "$(inherited) @executable_path/Frameworks";
				PRODUCT_NAME = "$(TARGET_NAME)";
				PROVISIONING_PROFILE = "";
			};
			name = Release;
		};
		A7978BED1B82575900E33C3D /* Debug */ = {
			isa = XCBuildConfiguration;
			buildSettings = {
				BUNDLE_LOADER = "$(TEST_HOST)";
				FRAMEWORK_SEARCH_PATHS = (
					"$(SDKROOT)/Developer/Library/Frameworks",
					"$(inherited)",
				);
				GCC_PREPROCESSOR_DEFINITIONS = (
					"DEBUG=1",
					"$(inherited)",
				);
				INFOPLIST_FILE = MainChallengeMapsTests/Info.plist;
				LD_RUNPATH_SEARCH_PATHS = "$(inherited) @executable_path/Frameworks @loader_path/Frameworks";
				PRODUCT_NAME = "$(TARGET_NAME)";
				TEST_HOST = "$(BUILT_PRODUCTS_DIR)/MainChallengeMaps.app/MainChallengeMaps";
			};
			name = Debug;
		};
		A7978BEE1B82575900E33C3D /* Release */ = {
			isa = XCBuildConfiguration;
			buildSettings = {
				BUNDLE_LOADER = "$(TEST_HOST)";
				FRAMEWORK_SEARCH_PATHS = (
					"$(SDKROOT)/Developer/Library/Frameworks",
					"$(inherited)",
				);
				INFOPLIST_FILE = MainChallengeMapsTests/Info.plist;
				LD_RUNPATH_SEARCH_PATHS = "$(inherited) @executable_path/Frameworks @loader_path/Frameworks";
				PRODUCT_NAME = "$(TARGET_NAME)";
				TEST_HOST = "$(BUILT_PRODUCTS_DIR)/MainChallengeMaps.app/MainChallengeMaps";
			};
			name = Release;
		};
/* End XCBuildConfiguration section */

/* Begin XCConfigurationList section */
		A7978BC21B82575900E33C3D /* Build configuration list for PBXProject "MainChallengeMaps" */ = {
			isa = XCConfigurationList;
			buildConfigurations = (
				A7978BE71B82575900E33C3D /* Debug */,
				A7978BE81B82575900E33C3D /* Release */,
			);
			defaultConfigurationIsVisible = 0;
			defaultConfigurationName = Release;
		};
		A7978BE91B82575900E33C3D /* Build configuration list for PBXNativeTarget "MainChallengeMaps" */ = {
			isa = XCConfigurationList;
			buildConfigurations = (
				A7978BEA1B82575900E33C3D /* Debug */,
				A7978BEB1B82575900E33C3D /* Release */,
			);
			defaultConfigurationIsVisible = 0;
			defaultConfigurationName = Release;
		};
		A7978BEC1B82575900E33C3D /* Build configuration list for PBXNativeTarget "MainChallengeMapsTests" */ = {
			isa = XCConfigurationList;
			buildConfigurations = (
				A7978BED1B82575900E33C3D /* Debug */,
				A7978BEE1B82575900E33C3D /* Release */,
			);
			defaultConfigurationIsVisible = 0;
			defaultConfigurationName = Release;
		};
/* End XCConfigurationList section */

/* Begin XCVersionGroup section */
		A7978BCE1B82575900E33C3D /* MainChallengeMaps.xcdatamodeld */ = {
			isa = XCVersionGroup;
			children = (
				A7978BCF1B82575900E33C3D /* MainChallengeMaps.xcdatamodel */,
			);
			currentVersion = A7978BCF1B82575900E33C3D /* MainChallengeMaps.xcdatamodel */;
			path = MainChallengeMaps.xcdatamodeld;
			sourceTree = "<group>";
			versionGroupType = wrapper.xcdatamodel;
		};
/* End XCVersionGroup section */
	};
	rootObject = A7978BBF1B82575900E33C3D /* Project object */;
}
